# This file is automatically @generated by Cargo.
# It is not intended for manual editing.
version = 4

[[package]]
name = "ch01-text-units"
version = "0.1.0"

[[package]]
name = "ch02-corpus-partitions"
version = "0.1.0"
dependencies = [
 "llm-from-scratch",
]

[[package]]
name = "ch03-learn-bpe-merges"
version = "0.1.0"
dependencies = [
 "llm-from-scratch",
]

[[package]]
name = "ch04-apply-bpe-tokenizer"
version = "0.1.0"
dependencies = [
 "llm-from-scratch",
]

[[package]]
name = "ch05-autoregressive-examples"
version = "0.1.0"
dependencies = [
 "llm-from-scratch",
]

[[package]]
name = "ch06-bigram-baseline"
version = "0.1.0"
dependencies = [
 "llm-from-scratch",
]

[[package]]
name = "ch07-language-model-metrics"
version = "0.1.0"
dependencies = [
 "llm-from-scratch",
]

[[package]]
name = "ch08-tensor-storage"
version = "0.1.0"
dependencies = [
 "llm-from-scratch",
]

[[package]]
name = "ch09-tensor-views"
version = "0.1.0"
dependencies = [
 "llm-from-scratch",
]

[[package]]
name = "ch10-broadcasting-reductions"
version = "0.1.0"
dependencies = [
 "llm-from-scratch",
]

[[package]]
name = "ch11-matrix-multiplication"
version = "0.1.0"
dependencies = [
 "llm-from-scratch",
]

[[package]]
name = "ch12-stable-softmax"
version = "0.1.0"
dependencies = [
 "llm-from-scratch",
]

[[package]]
name = "ch13-gradient-checking"
version = "0.1.0"
dependencies = [
 "llm-from-scratch",
]

[[package]]
name = "ch14-scalar-autodiff"
version = "0.1.0"
dependencies = [
 "llm-from-scratch",
]

[[package]]
name = "ch15-tensor-autodiff-core"
version = "0.1.0"
dependencies = [
 "llm-from-scratch",
]

[[package]]
name = "ch16-model-autodiff-ops"
version = "0.1.0"
dependencies = [
 "llm-from-scratch",
]

[[package]]
name = "ch17-parameter-initialization"
version = "0.1.0"
dependencies = [
 "llm-from-scratch",
]

[[package]]
name = "ch18-token-embeddings"
version = "0.1.0"
dependencies = [
 "llm-from-scratch",
]

[[package]]
name = "ch19-linear-layers"
version = "0.1.0"
dependencies = [
 "llm-from-scratch",
]

[[package]]
name = "ch20-swiglu-feed-forward"
version = "0.1.0"
dependencies = [
 "llm-from-scratch",
]

[[package]]
name = "ch21-mini-batches"
version = "0.1.0"
dependencies = [
 "llm-from-scratch",
]

[[package]]
name = "ch22-adamw"
version = "0.1.0"
dependencies = [
 "llm-from-scratch",
]

[[package]]
name = "ch23-neural-ngram"
version = "0.1.0"
dependencies = [
 "llm-from-scratch",
]

[[package]]
name = "ch24-residual-connections"
version = "0.1.0"
dependencies = [
 "llm-from-scratch",
]

[[package]]
name = "ch25-rmsnorm"
version = "0.1.0"
dependencies = [
 "llm-from-scratch",
]

[[package]]
name = "ch26-qkv-projections"
version = "0.1.0"
dependencies = [
 "llm-from-scratch",
]

[[package]]
name = "ch27-self-attention"
version = "0.1.0"
dependencies = [
 "llm-from-scratch",
]

[[package]]
name = "ch28-causal-masking"
version = "0.1.0"
dependencies = [
 "llm-from-scratch",
]

[[package]]
name = "ch29-rope"
version = "0.1.0"
dependencies = [
 "llm-from-scratch",
]

[[package]]
name = "ch30-multi-head-attention"
version = "0.1.0"
dependencies = [
 "llm-from-scratch",
]

[[package]]
name = "ch31-decoder-block"
version = "0.1.0"
dependencies = [
 "llm-from-scratch",
]

[[package]]
name = "ch32-decoder-model"
version = "0.1.0"
dependencies = [
 "llm-from-scratch",
]

[[package]]
name = "ch33-training-selection"
version = "0.1.0"
dependencies = [
 "llm-from-scratch",
]

[[package]]
name = "ch34-final-evaluation"
version = "0.1.0"
dependencies = [
 "ch33-training-selection",
 "llm-from-scratch",
]

[[package]]
name = "ch35-checkpoints"
version = "0.1.0"
dependencies = [
 "ch33-training-selection",
 "llm-from-scratch",
]

[[package]]
name = "ch36-temperature-top-k"
version = "0.1.0"
dependencies = [
 "ch35-checkpoints",
 "llm-from-scratch",
]

[[package]]
name = "ch37-incremental-attention"
version = "0.1.0"
dependencies = [
 "llm-from-scratch",
]

[[package]]
name = "ch38-cached-generation"
version = "0.1.0"
dependencies = [
 "ch35-checkpoints",
 "llm-from-scratch",
]

[[package]]
name = "ch39-end-to-end-llm"
version = "0.1.0"
dependencies = [
 "llm-from-scratch",
]

[[package]]
name = "chapter-demo-template"
version = "0.1.0"

[[package]]
name = "llm-from-scratch"
version = "0.1.0"
