# This file is automatically @generated by Cargo.
# It is not intended for manual editing.
version = 4

[[package]]
name = "ch01-text-units"
version = "0.1.0"

[[package]]
name = "ch02-corpus-partitions"
version = "0.1.0"
dependencies = [
 "llm-from-scratch",
]

[[package]]
name = "chapter-demo-template"
version = "0.1.0"

[[package]]
name = "llm-from-scratch"
version = "0.1.0"
