# This file is automatically @generated by Cargo.
# It is not intended for manual editing.
version = 4

[[package]]
name = "ch01-text-units"
version = "0.1.0"

[[package]]
name = "ch02-corpus-partitions"
version = "0.1.0"
dependencies = [
 "llm-from-scratch",
]

[[package]]
name = "ch03-learn-bpe-merges"
version = "0.1.0"
dependencies = [
 "llm-from-scratch",
]

[[package]]
name = "ch04-apply-bpe-tokenizer"
version = "0.1.0"
dependencies = [
 "llm-from-scratch",
]

[[package]]
name = "ch05-autoregressive-examples"
version = "0.1.0"
dependencies = [
 "llm-from-scratch",
]

[[package]]
name = "ch06-bigram-baseline"
version = "0.1.0"
dependencies = [
 "llm-from-scratch",
]

[[package]]
name = "ch07-language-model-metrics"
version = "0.1.0"
dependencies = [
 "llm-from-scratch",
]

[[package]]
name = "ch08-tensor-storage"
version = "0.1.0"
dependencies = [
 "llm-from-scratch",
]

[[package]]
name = "ch09-tensor-views"
version = "0.1.0"
dependencies = [
 "llm-from-scratch",
]

[[package]]
name = "ch10-broadcasting-reductions"
version = "0.1.0"
dependencies = [
 "llm-from-scratch",
]

[[package]]
name = "ch11-matrix-multiplication"
version = "0.1.0"
dependencies = [
 "llm-from-scratch",
]

[[package]]
name = "ch12-stable-softmax"
version = "0.1.0"
dependencies = [
 "llm-from-scratch",
]

[[package]]
name = "ch13-gradient-checking"
version = "0.1.0"
dependencies = [
 "llm-from-scratch",
]

[[package]]
name = "ch14-scalar-autodiff"
version = "0.1.0"
dependencies = [
 "llm-from-scratch",
]

[[package]]
name = "ch15-tensor-autodiff-core"
version = "0.1.0"
dependencies = [
 "llm-from-scratch",
]

[[package]]
name = "ch16-model-autodiff-ops"
version = "0.1.0"
dependencies = [
 "llm-from-scratch",
]

[[package]]
name = "chapter-demo-template"
version = "0.1.0"

[[package]]
name = "llm-from-scratch"
version = "0.1.0"
